github.com/cespare/xxhash/v2 v2.1.2 h1:YRXhKfTDauu4ajMg1TPgFO5jnlC2HCbmLXMcTG5cbYE=
github.com/cespare/xxhash/v2 v2.1.2/go.mod h1:VGX0DQ3Q6kWi7AoAeZDth3/j3BFtOZR5XLFGgcrjCOs=
github.com/cespare/xxhash/v2 v2.3.0 h1:UL815xU9SqsFlibzuggzjXhog7bL6oX9BbNZnL2UFvs=
github.com/cespare/xxhash/v2 v2.3.0/go.mod h1:VGX0DQ3Q6kWi7AoAeZDth3/j3BFtOZR5XLFGgcrjCOs=
github.com/dgryski/go-rendezvous v0.0.0-20200823014737-9f7001d12a5f h1:lO4WD4F/rVNCu3HqELle0jiPLLBs70cWOduZpkS1E78=
github.com/dgryski/go-rendezvous v0.0.0-20200823014737-9f7001d12a5f/go.mod h1:cuUVRXasLTGF7a8hSLbxyZXjz+1KgoB3wDUb6vlszIc=
github.com/go-redis/redis/v8 v8.11.5 h1:AcZZR7igkdvfVmQTPnu9WE37LRrO/YrBH5zWyjDC0oI=
github.com/go-redis/redis/v8 v8.11.5/go.mod h1:gREzHqY1hg6oD9ngVRbLStwAWKhA0FEgq8Jd4h5lpwo=
github.com/google/uuid v1.6.0 h1:NIvaJDMOsjHA8n1jAhLSgzrAzy1Hgr+hNrb57e+94F0=
github.com/google/uuid v1.6.0/go.mod h1:TIyPZe4MgqvfeYDBFedMoGGpEw/LqOeaOT+nhxU+yHo=
github.com/stormi-li/Reconfig v1.0.6 h1:elz9KL1vQD35IYH6KSlZZHyFPE7XSkzJLnZ0jXe1HgY=
github.com/stormi-li/Reconfig v1.0.6/go.mod h1:7kPs3g7U0mrHPFOyJu8PKAHarxjz8JKdbXsM89ZSPAI=
github.com/stormi-li/Reconfig v1.0.7 h1:ism+5xtvxJ3R3YCR95XKDNM7o8lGmK3MrSxwvddLTgk=
github.com/stormi-li/Reconfig v1.0.7/go.mod h1:7kPs3g7U0mrHPFOyJu8PKAHarxjz8JKdbXsM89ZSPAI=
github.com/stormi-li/Reconfig v1.0.8 h1:FKeYSHa8ubXOW7/llAIRGDLfvN8d2G8okFZd+lCVDKA=
github.com/stormi-li/Reconfig v1.0.8/go.mod h1:3c/nQAK0k2RIqxtcWMsbGHrgsCip8Dg+4cT7PAPi/6o=
github.com/stormi-li/Reconfig v1.0.9 h1:YIQhLM9TmDYxUmokmkOfWLbHjsrJNkzwQfx8a3ES0ZY=
github.com/stormi-li/Reconfig v1.0.9/go.mod h1:3c/nQAK0k2RIqxtcWMsbGHrgsCip8Dg+4cT7PAPi/6o=
github.com/stormi-li/Researd v1.0.2 h1:QOG9vkDuEakXvJ5DuAPHyvRRqwtY47gI7cz7SPP2raI=
github.com/stormi-li/Researd v1.0.2/go.mod h1:GVAzZxd1KlxrkdXoUKBPT1PPuSRQt5FRO0++UpOeeGk=
github.com/stormi-li/Researd v1.0.3 h1:YKyxzR0MaxmL75WuDD6M7JcCe+finHSpN0oib7t9ZDs=
github.com/stormi-li/Researd v1.0.3/go.mod h1:s+8I8b6wKeTtwA6ZIgegZ5OWOPTYFD8i5Fjmae7HWkg=
github.com/stormi-li/Researd v1.0.4 h1:c4jdtGmXRN8WFXFVEzFvdsJRGEs/JwuC7HAVCKohDtk=
github.com/stormi-li/Researd v1.0.4/go.mod h1:s+8I8b6wKeTtwA6ZIgegZ5OWOPTYFD8i5Fjmae7HWkg=
github.com/stormi-li/Resync v1.0.2 h1:U/r5DEF4PpfhQsRkVAIrg4MQi+UdPSbdxlUvMhFL7ec=
github.com/stormi-li/Resync v1.0.2/go.mod h1:oMJSWb/kxuLGVz0KwOZjedt+segqwZoqtB00yJOuGZY=
github.com/stormi-li/Resync v1.0.3 h1:TlxwADWocYceBomRMvyg4PZNrR8c/N+lnU/UUAul6q0=
github.com/stormi-li/Resync v1.0.3/go.mod h1:bZgODUd5UMRGyPePaflSW5YVF+Z3bdwpq/nxyFcKXOk=
github.com/stormi-li/Resync v1.0.4 h1:tNfMT0Ai4vi4qpXy1NOoZ1orAbdhrlkcB5OudbpIsVg=
github.com/stormi-li/Resync v1.0.4/go.mod h1:bZgODUd5UMRGyPePaflSW5YVF+Z3bdwpq/nxyFcKXOk=
github.com/stormi-li/Ripc v1.0.3 h1:phRvliAWUThwLVgq672XSZWbKBcbX+CQScSk9B6y98g=
github.com/stormi-li/Ripc v1.0.3/go.mod h1:6hryBwoC4Y+8SOzF2BWiPDWB8X1IzuDtCXpiVIaziZ0=
github.com/stormi-li/Ripc v1.0.4 h1:V6ga6bmzrXFqL99TVn2e7OziM1hamo1QX1wM8aDU+cw=
github.com/stormi-li/Ripc v1.0.4/go.mod h1:6hryBwoC4Y+8SOzF2BWiPDWB8X1IzuDtCXpiVIaziZ0=
github.com/stormi-li/Ripc v1.0.5 h1:PbFI3txl8Cw+PKuVE7i0aP2vdGkn7RPiupvZAFPI8K8=
github.com/stormi-li/Ripc v1.0.5/go.mod h1:6hryBwoC4Y+8SOzF2BWiPDWB8X1IzuDtCXpiVIaziZ0=
